
Microsoft Visual Studio Solution File, Format Version 12.00
# Visual Studio 15
VisualStudioVersion = 15.0.28307.1022
MinimumVisualStudioVersion = 10.0.40219.1
Project("{FAE04EC0-301F-11D3-BF4B-00C04F79EFBC}") = "Zarabotnaya plata", "Zarabotnaya plata\Zarabotnaya plata.csproj", "{05A17338-5D23-4D89-A2FC-0C2902908A43}"
EndProject
Global
	GlobalSection(SolutionConfigurationPlatforms) = preSolution
		Debug|Any CPU = Debug|Any CPU
		Release|Any CPU = Release|Any CPU
	EndGlobalSection
	GlobalSection(ProjectConfigurationPlatforms) = postSolution
		{05A17338-5D23-4D89-A2FC-0C2902908A43}.Debug|Any CPU.ActiveCfg = Debug|Any CPU
		{05A17338-5D23-4D89-A2FC-0C2902908A43}.Debug|Any CPU.Build.0 = Debug|Any CPU
		{05A17338-5D23-4D89-A2FC-0C2902908A43}.Release|Any CPU.ActiveCfg = Release|Any CPU
		{05A17338-5D23-4D89-A2FC-0C2902908A43}.Release|Any CPU.Build.0 = Release|Any CPU
	EndGlobalSection
	GlobalSection(SolutionProperties) = preSolution
		HideSolutionNode = FALSE
	EndGlobalSection
	GlobalSection(ExtensibilityGlobals) = postSolution
		SolutionGuid = {6EDC16E8-8D11-4459-AD6A-A52A7D3017AA}
	EndGlobalSection
EndGlobal
